# THIS IS AN AUTOGENERATED FILE. DO NOT EDIT THIS FILE DIRECTLY.
# yarn lockfile v1


"@babel/runtime@^7.10.5", "@babel/runtime@^7.7.2":
  version "7.22.15"
  resolved "http://registry.npm.baidu-int.com/@babel%2fruntime/-/runtime-7.22.15.tgz#38f46494ccf6cf020bd4eed7124b425e83e523b8"
  integrity sha512-T0O+aa+4w0u06iNmapipJXMV4HoUir03hpx3/YqXXhu9xim3w+dVphjFWl1OH8NbZHw5Lbm9k45drDkgq2VNNA==
  dependencies:
    regenerator-runtime "^0.14.0"

import-html-entry@^1.14.6:
  version "1.15.1"
  resolved "http://registry.npm.baidu-int.com/import-html-entry/-/import-html-entry-1.15.1.tgz#7b6410f3c9fdb15745415e78df109f1a8bb53ed9"
  integrity sha512-flVVS3lQTaHUUEF/zByio0WHdJRMNwT/1sI48/ps9VVGWNn+oE1wuX+fBRZkXLKAeggVVmfU41MpgNnZ7I9nRg==
  dependencies:
    "@babel/runtime" "^7.7.2"

lodash@^4.17.11:
  version "4.17.21"
  resolved "http://registry.npm.baidu-int.com/lodash/-/lodash-4.17.21.tgz#679591c564c3bffaae8454cf0b3df370c3d6911c"
  integrity sha512-v2kDEe57lecTulaDIuNTPy3Ry4gLGJ6Z1O3vE1krgXZNrsQ+LFTGHVxVjcXPs17LhbZVGedAJv8XZ1tvj5FvSg==

qiankun@^2.10.13:
  version "2.10.13"
  resolved "http://registry.npm.baidu-int.com/qiankun/-/qiankun-2.10.13.tgz#4b3e9315127bd1e2646382fd6b2b7f029e130477"
  integrity sha512-US861R2do2DMCU/BT1TEa3ccFHfCJtcu9Qs7Ytxax8sLNtPQLZpzBW3Itt9XjhBwL8q4F6nMg8WzYl/qczGT4Q==
  dependencies:
    "@babel/runtime" "^7.10.5"
    import-html-entry "^1.14.6"
    lodash "^4.17.11"
    single-spa "^5.9.2"

regenerator-runtime@^0.14.0:
  version "0.14.0"
  resolved "http://registry.npm.baidu-int.com/regenerator-runtime/-/regenerator-runtime-0.14.0.tgz#5e19d68eb12d486f797e15a3c6a918f7cec5eb45"
  integrity sha512-srw17NI0TUWHuGa5CFGGmhfNIeja30WMBfbslPNhf6JrqQlLN5gcrvig1oqPxiVaXb0oW0XRKtH6Nngs5lKCIA==

single-spa@^5.9.2:
  version "5.9.5"
  resolved "http://registry.npm.baidu-int.com/single-spa/-/single-spa-5.9.5.tgz#f47b3c91b009ebc3b224dd1086ef2b2dac524373"
  integrity sha512-9SQdmsyz4HSP+3gs6PJzhkaMEg+6zTlu9oxIghnwUX3eq+ajq4ft5egl0iyR55LAmO/UwvU8NgIWs/ZyQMa6dw==
